Microsoft Visual Studio Solution File, Format Version 11.00
# Visual Studio 2008

Project("{3570AE79-6118-1726-AF6F-E7CDB73A8D3D}") = "VNKit", "Assembly-CSharp.csproj", "{5E9D593D-13EF-1AAC-CAE5-4412B6D30B80}"
EndProject
Project("{3570AE79-6118-1726-AF6F-E7CDB73A8D3D}") = "VNKit", "Assembly-CSharp-Editor.csproj", "{6695857C-7298-5392-8A6E-DE865A8DC0E5}"
EndProject
Global
	GlobalSection(SolutionConfigurationPlatforms) = preSolution
		Debug|Any CPU = Debug|Any CPU
		Release|Any CPU = Release|Any CPU
	EndGlobalSection
	GlobalSection(ProjectConfigurationPlatforms) = postSolution
		{5E9D593D-13EF-1AAC-CAE5-4412B6D30B80}.Debug|Any CPU.ActiveCfg = Debug|Any CPU
		{5E9D593D-13EF-1AAC-CAE5-4412B6D30B80}.Debug|Any CPU.Build.0 = Debug|Any CPU
		{5E9D593D-13EF-1AAC-CAE5-4412B6D30B80}.Release|Any CPU.ActiveCfg = Release|Any CPU
		{5E9D593D-13EF-1AAC-CAE5-4412B6D30B80}.Release|Any CPU.Build.0 = Release|Any CPU
		{6695857C-7298-5392-8A6E-DE865A8DC0E5}.Debug|Any CPU.ActiveCfg = Debug|Any CPU
		{6695857C-7298-5392-8A6E-DE865A8DC0E5}.Debug|Any CPU.Build.0 = Debug|Any CPU
		{6695857C-7298-5392-8A6E-DE865A8DC0E5}.Release|Any CPU.ActiveCfg = Release|Any CPU
		{6695857C-7298-5392-8A6E-DE865A8DC0E5}.Release|Any CPU.Build.0 = Release|Any CPU
	EndGlobalSection
	GlobalSection(SolutionProperties) = preSolution
		HideSolutionNode = FALSE
	EndGlobalSection
																																														GlobalSection(MonoDevelopProperties) = preSolution
		StartupItem = Assembly-CSharp.csproj
		Policies = $0
		$0.TextStylePolicy = $1
		$1.inheritsSet = null
		$1.scope = text/x-csharp
		$0.CSharpFormattingPolicy = $2
		$2.inheritsSet = Mono
		$2.inheritsScope = text/x-csharp
		$2.scope = text/x-csharp
		$0.TextStylePolicy = $3
		$3.FileWidth = 120
		$3.TabWidth = 4
		$3.EolMarker = Unix
		$3.inheritsSet = Mono
		$3.inheritsScope = text/plain
		$3.scope = text/plain
	EndGlobalSection

EndGlobal
